
Microsoft Visual Studio Solution File, Format Version 12.00
# Visual Studio Version 17
VisualStudioVersion = 17.9.34723.18
MinimumVisualStudioVersion = 10.0.40219.1
Project("{FAE04EC0-301F-11D3-BF4B-00C04F79EFBC}") = "DeadAntsProy", "DeadAntsProy\DeadAntsProy.csproj", "{5E54343E-D423-4EA0-8D70-EEFBFC3FB69F}"
EndProject
Project("{FAE04EC0-301F-11D3-BF4B-00C04F79EFBC}") = "DeadAnts", "DeadAnts\DeadAnts.csproj", "{DD8DB00A-D4A2-4C91-B7E4-840ED963C9A8}"
EndProject
Global
	GlobalSection(SolutionConfigurationPlatforms) = preSolution
		Debug|Any CPU = Debug|Any CPU
		Release|Any CPU = Release|Any CPU
	EndGlobalSection
	GlobalSection(ProjectConfigurationPlatforms) = postSolution
		{5E54343E-D423-4EA0-8D70-EEFBFC3FB69F}.Debug|Any CPU.ActiveCfg = Debug|Any CPU
		{5E54343E-D423-4EA0-8D70-EEFBFC3FB69F}.Debug|Any CPU.Build.0 = Debug|Any CPU
		{5E54343E-D423-4EA0-8D70-EEFBFC3FB69F}.Release|Any CPU.ActiveCfg = Release|Any CPU
		{5E54343E-D423-4EA0-8D70-EEFBFC3FB69F}.Release|Any CPU.Build.0 = Release|Any CPU
		{DD8DB00A-D4A2-4C91-B7E4-840ED963C9A8}.Debug|Any CPU.ActiveCfg = Debug|Any CPU
		{DD8DB00A-D4A2-4C91-B7E4-840ED963C9A8}.Debug|Any CPU.Build.0 = Debug|Any CPU
		{DD8DB00A-D4A2-4C91-B7E4-840ED963C9A8}.Release|Any CPU.ActiveCfg = Release|Any CPU
		{DD8DB00A-D4A2-4C91-B7E4-840ED963C9A8}.Release|Any CPU.Build.0 = Release|Any CPU
	EndGlobalSection
	GlobalSection(SolutionProperties) = preSolution
		HideSolutionNode = FALSE
	EndGlobalSection
	GlobalSection(ExtensibilityGlobals) = postSolution
		SolutionGuid = {419BBF02-ED9A-45AE-A9E5-7DFFC2444449}
	EndGlobalSection
EndGlobal
